// !$*UTF8*$!
{
	archiveVersion = 1;
	classes = {
	};
	objectVersion = 55;
	objects = {

/* Begin PBXBuildFile section */
		4C4FD0AC28B272A8009F83BC /* scripts.js in Resources */ = {isa = PBXBuildFile; fileRef = 4C4FD0AB28B272A8009F83BC /* scripts.js */; };
		4C4FD0AE28B2800E009F83BC /* pushViewController.swift in Sources */ = {isa = PBXBuildFile; fileRef = 4C4FD0AD28B2800E009F83BC /* pushViewController.swift */; };
		4C527D5C28B284B500872ECF /* Kingfisher in Frameworks */ = {isa = PBXBuildFile; productRef = 4C527D5B28B284B500872ECF /* Kingfisher */; };
		4C527D5F28B2912000872ECF /* UIColor+Extensions.swift in Sources */ = {isa = PBXBuildFile; fileRef = 4C527D5E28B2912000872ECF /* UIColor+Extensions.swift */; };
		4C527D6128B2A63E00872ECF /* UITextField+Extensions.swift in Sources */ = {isa = PBXBuildFile; fileRef = 4C527D6028B2A63E00872ECF /* UITextField+Extensions.swift */; };
		4C527D6328B2AD4900872ECF /* ViewController+WebkitFunctions.swift in Sources */ = {isa = PBXBuildFile; fileRef = 4C527D6228B2AD4900872ECF /* ViewController+WebkitFunctions.swift */; };
		4C74430F28AEAF9B00CBAD57 /* AppDelegate.swift in Sources */ = {isa = PBXBuildFile; fileRef = 4C74430E28AEAF9B00CBAD57 /* AppDelegate.swift */; };
		4C74431128AEAF9B00CBAD57 /* SceneDelegate.swift in Sources */ = {isa = PBXBuildFile; fileRef = 4C74431028AEAF9B00CBAD57 /* SceneDelegate.swift */; };
		4C74431328AEAF9B00CBAD57 /* ViewController.swift in Sources */ = {isa = PBXBuildFile; fileRef = 4C74431228AEAF9B00CBAD57 /* ViewController.swift */; };
		4C74431628AEAF9B00CBAD57 /* Main.storyboard in Resources */ = {isa = PBXBuildFile; fileRef = 4C74431428AEAF9B00CBAD57 /* Main.storyboard */; };
		4C74431828AEAF9D00CBAD57 /* Assets.xcassets in Resources */ = {isa = PBXBuildFile; fileRef = 4C74431728AEAF9D00CBAD57 /* Assets.xcassets */; };
		4C74431B28AEAF9D00CBAD57 /* LaunchScreen.storyboard in Resources */ = {isa = PBXBuildFile; fileRef = 4C74431928AEAF9D00CBAD57 /* LaunchScreen.storyboard */; };
		4C74432428AEAFEB00CBAD57 /* SnapKit in Frameworks */ = {isa = PBXBuildFile; productRef = 4C74432328AEAFEB00CBAD57 /* SnapKit */; };
/* End PBXBuildFile section */

/* Begin PBXFileReference section */
		4C4FD0AB28B272A8009F83BC /* scripts.js */ = {isa = PBXFileReference; lastKnownFileType = sourcecode.javascript; path = scripts.js; sourceTree = "<group>"; };
		4C4FD0AD28B2800E009F83BC /* pushViewController.swift */ = {isa = PBXFileReference; lastKnownFileType = sourcecode.swift; path = pushViewController.swift; sourceTree = "<group>"; };
		4C527D5E28B2912000872ECF /* UIColor+Extensions.swift */ = {isa = PBXFileReference; lastKnownFileType = sourcecode.swift; path = "UIColor+Extensions.swift"; sourceTree = "<group>"; };
		4C527D6028B2A63E00872ECF /* UITextField+Extensions.swift */ = {isa = PBXFileReference; lastKnownFileType = sourcecode.swift; path = "UITextField+Extensions.swift"; sourceTree = "<group>"; };
		4C527D6228B2AD4900872ECF /* ViewController+WebkitFunctions.swift */ = {isa = PBXFileReference; lastKnownFileType = sourcecode.swift; path = "ViewController+WebkitFunctions.swift"; sourceTree = "<group>"; };
		4C74430B28AEAF9B00CBAD57 /* invoke-js-with-swift-demo.app */ = {isa = PBXFileReference; explicitFileType = wrapper.application; includeInIndex = 0; path = "invoke-js-with-swift-demo.app"; sourceTree = BUILT_PRODUCTS_DIR; };
		4C74430E28AEAF9B00CBAD57 /* AppDelegate.swift */ = {isa = PBXFileReference; lastKnownFileType = sourcecode.swift; path = AppDelegate.swift; sourceTree = "<group>"; };
		4C74431028AEAF9B00CBAD57 /* SceneDelegate.swift */ = {isa = PBXFileReference; lastKnownFileType = sourcecode.swift; path = SceneDelegate.swift; sourceTree = "<group>"; };
		4C74431228AEAF9B00CBAD57 /* ViewController.swift */ = {isa = PBXFileReference; lastKnownFileType = sourcecode.swift; path = ViewController.swift; sourceTree = "<group>"; };
		4C74431528AEAF9B00CBAD57 /* Base */ = {isa = PBXFileReference; lastKnownFileType = file.storyboard; name = Base; path = Base.lproj/Main.storyboard; sourceTree = "<group>"; };
		4C74431728AEAF9D00CBAD57 /* Assets.xcassets */ = {isa = PBXFileReference; lastKnownFileType = folder.assetcatalog; path = Assets.xcassets; sourceTree = "<group>"; };
		4C74431A28AEAF9D00CBAD57 /* Base */ = {isa = PBXFileReference; lastKnownFileType = file.storyboard; name = Base; path = Base.lproj/LaunchScreen.storyboard; sourceTree = "<group>"; };
		4C74431C28AEAF9D00CBAD57 /* Info.plist */ = {isa = PBXFileReference; lastKnownFileType = text.plist.xml; path = Info.plist; sourceTree = "<group>"; };
/* End PBXFileReference section */

/* Begin PBXFrameworksBuildPhase section */
		4C74430828AEAF9B00CBAD57 /* Frameworks */ = {
			isa = PBXFrameworksBuildPhase;
			buildActionMask = 2147483647;
			files = (
				4C527D5C28B284B500872ECF /* Kingfisher in Frameworks */,
				4C74432428AEAFEB00CBAD57 /* SnapKit in Frameworks */,
			);
			runOnlyForDeploymentPostprocessing = 0;
		};
/* End PBXFrameworksBuildPhase section */

/* Begin PBXGroup section */
		4C527D5D28B2910A00872ECF /* Extensions */ = {
			isa = PBXGroup;
			children = (
				4C527D5E28B2912000872ECF /* UIColor+Extensions.swift */,
				4C527D6028B2A63E00872ECF /* UITextField+Extensions.swift */,
			);
			path = Extensions;
			sourceTree = "<group>";
		};
		4C74430228AEAF9B00CBAD57 = {
			isa = PBXGroup;
			children = (
				4C74430D28AEAF9B00CBAD57 /* invoke-js-with-swift-demo */,
				4C74430C28AEAF9B00CBAD57 /* Products */,
			);
			sourceTree = "<group>";
		};
		4C74430C28AEAF9B00CBAD57 /* Products */ = {
			isa = PBXGroup;
			children = (
				4C74430B28AEAF9B00CBAD57 /* invoke-js-with-swift-demo.app */,
			);
			name = Products;
			sourceTree = "<group>";
		};
		4C74430D28AEAF9B00CBAD57 /* invoke-js-with-swift-demo */ = {
			isa = PBXGroup;
			children = (
				4C74430E28AEAF9B00CBAD57 /* AppDelegate.swift */,
				4C74431028AEAF9B00CBAD57 /* SceneDelegate.swift */,
				4C74431228AEAF9B00CBAD57 /* ViewController.swift */,
				4C527D6228B2AD4900872ECF /* ViewController+WebkitFunctions.swift */,
				4C4FD0AD28B2800E009F83BC /* pushViewController.swift */,
				4C527D5D28B2910A00872ECF /* Extensions */,
				4C4FD0AB28B272A8009F83BC /* scripts.js */,
				4C74431428AEAF9B00CBAD57 /* Main.storyboard */,
				4C74431728AEAF9D00CBAD57 /* Assets.xcassets */,
				4C74431928AEAF9D00CBAD57 /* LaunchScreen.storyboard */,
				4C74431C28AEAF9D00CBAD57 /* Info.plist */,
			);
			path = "invoke-js-with-swift-demo";
			sourceTree = "<group>";
		};
/* End PBXGroup section */

/* Begin PBXNativeTarget section */
		4C74430A28AEAF9B00CBAD57 /* invoke-js-with-swift-demo */ = {
			isa = PBXNativeTarget;
			buildConfigurationList = 4C74431F28AEAF9D00CBAD57 /* Build configuration list for PBXNativeTarget "invoke-js-with-swift-demo" */;
			buildPhases = (
				4C74430728AEAF9B00CBAD57 /* Sources */,
				4C74430828AEAF9B00CBAD57 /* Frameworks */,
				4C74430928AEAF9B00CBAD57 /* Resources */,
			);
			buildRules = (
			);
			dependencies = (
			);
			name = "invoke-js-with-swift-demo";
			packageProductDependencies = (
				4C74432328AEAFEB00CBAD57 /* SnapKit */,
				4C527D5B28B284B500872ECF /* Kingfisher */,
			);
			productName = "invoke-js-with-swift-demo";
			productReference = 4C74430B28AEAF9B00CBAD57 /* invoke-js-with-swift-demo.app */;
			productType = "com.apple.product-type.application";
		};
/* End PBXNativeTarget section */

/* Begin PBXProject section */
		4C74430328AEAF9B00CBAD57 /* Project object */ = {
			isa = PBXProject;
			attributes = {
				BuildIndependentTargetsInParallel = 1;
				LastSwiftUpdateCheck = 1340;
				LastUpgradeCheck = 1340;
				TargetAttributes = {
					4C74430A28AEAF9B00CBAD57 = {
						CreatedOnToolsVersion = 13.4.1;
					};
				};
			};
			buildConfigurationList = 4C74430628AEAF9B00CBAD57 /* Build configuration list for PBXProject "invoke-js-with-swift-demo" */;
			compatibilityVersion = "Xcode 13.0";
			developmentRegion = en;
			hasScannedForEncodings = 0;
			knownRegions = (
				en,
				Base,
			);
			mainGroup = 4C74430228AEAF9B00CBAD57;
			packageReferences = (
				4C74432228AEAFEB00CBAD57 /* XCRemoteSwiftPackageReference "SnapKit" */,
				4C527D5A28B284B500872ECF /* XCRemoteSwiftPackageReference "Kingfisher" */,
			);
			productRefGroup = 4C74430C28AEAF9B00CBAD57 /* Products */;
			projectDirPath = "";
			projectRoot = "";
			targets = (
				4C74430A28AEAF9B00CBAD57 /* invoke-js-with-swift-demo */,
			);
		};
/* End PBXProject section */

/* Begin PBXResourcesBuildPhase section */
		4C74430928AEAF9B00CBAD57 /* Resources */ = {
			isa = PBXResourcesBuildPhase;
			buildActionMask = 2147483647;
			files = (
				4C74431B28AEAF9D00CBAD57 /* LaunchScreen.storyboard in Resources */,
				4C4FD0AC28B272A8009F83BC /* scripts.js in Resources */,
				4C74431828AEAF9D00CBAD57 /* Assets.xcassets in Resources */,
				4C74431628AEAF9B00CBAD57 /* Main.storyboard in Resources */,
			);
			runOnlyForDeploymentPostprocessing = 0;
		};
/* End PBXResourcesBuildPhase section */

/* Begin PBXSourcesBuildPhase section */
		4C74430728AEAF9B00CBAD57 /* Sources */ = {
			isa = PBXSourcesBuildPhase;
			buildActionMask = 2147483647;
			files = (
				4C74431328AEAF9B00CBAD57 /* ViewController.swift in Sources */,
				4C527D5F28B2912000872ECF /* UIColor+Extensions.swift in Sources */,
				4C74430F28AEAF9B00CBAD57 /* AppDelegate.swift in Sources */,
				4C527D6328B2AD4900872ECF /* ViewController+WebkitFunctions.swift in Sources */,
				4C527D6128B2A63E00872ECF /* UITextField+Extensions.swift in Sources */,
				4C4FD0AE28B2800E009F83BC /* pushViewController.swift in Sources */,
				4C74431128AEAF9B00CBAD57 /* SceneDelegate.swift in Sources */,
			);
			runOnlyForDeploymentPostprocessing = 0;
		};
/* End PBXSourcesBuildPhase section */

/* Begin PBXVariantGroup section */
		4C74431428AEAF9B00CBAD57 /* Main.storyboard */ = {
			isa = PBXVariantGroup;
			children = (
				4C74431528AEAF9B00CBAD57 /* Base */,
			);
			name = Main.storyboard;
			sourceTree = "<group>";
		};
		4C74431928AEAF9D00CBAD57 /* LaunchScreen.storyboard */ = {
			isa = PBXVariantGroup;
			children = (
				4C74431A28AEAF9D00CBAD57 /* Base */,
			);
			name = LaunchScreen.storyboard;
			sourceTree = "<group>";
		};
/* End PBXVariantGroup section */

/* Begin XCBuildConfiguration section */
		4C74431D28AEAF9D00CBAD57 /* Debug */ = {
			isa = XCBuildConfiguration;
			buildSettings = {
				ALWAYS_SEARCH_USER_PATHS = NO;
				CLANG_ANALYZER_NONNULL = YES;
				CLANG_ANALYZER_NUMBER_OBJECT_CONVERSION = YES_AGGRESSIVE;
				CLANG_CXX_LANGUAGE_STANDARD = "gnu++17";
				CLANG_ENABLE_MODULES = YES;
				CLANG_ENABLE_OBJC_ARC = YES;
				CLANG_ENABLE_OBJC_WEAK = YES;
				CLANG_WARN_BLOCK_CAPTURE_AUTORELEASING = YES;
				CLANG_WARN_BOOL_CONVERSION = YES;
				CLANG_WARN_COMMA = YES;
				CLANG_WARN_CONSTANT_CONVERSION = YES;
				CLANG_WARN_DEPRECATED_OBJC_IMPLEMENTATIONS = YES;
				CLANG_WARN_DIRECT_OBJC_ISA_USAGE = YES_ERROR;
				CLANG_WARN_DOCUMENTATION_COMMENTS = YES;
				CLANG_WARN_EMPTY_BODY = YES;
				CLANG_WARN_ENUM_CONVERSION = YES;
				CLANG_WARN_INFINITE_RECURSION = YES;
				CLANG_WARN_INT_CONVERSION = YES;
				CLANG_WARN_NON_LITERAL_NULL_CONVERSION = YES;
				CLANG_WARN_OBJC_IMPLICIT_RETAIN_SELF = YES;
				CLANG_WARN_OBJC_LITERAL_CONVERSION = YES;
				CLANG_WARN_OBJC_ROOT_CLASS = YES_ERROR;
				CLANG_WARN_QUOTED_INCLUDE_IN_FRAMEWORK_HEADER = YES;
				CLANG_WARN_RANGE_LOOP_ANALYSIS = YES;
				CLANG_WARN_STRICT_PROTOTYPES = YES;
				CLANG_WARN_SUSPICIOUS_MOVE = YES;
				CLANG_WARN_UNGUARDED_AVAILABILITY = YES_AGGRESSIVE;
				CLANG_WARN_UNREACHABLE_CODE = YES;
				CLANG_WARN__DUPLICATE_METHOD_MATCH = YES;
				COPY_PHASE_STRIP = NO;
				DEBUG_INFORMATION_FORMAT = dwarf;
				ENABLE_STRICT_OBJC_MSGSEND = YES;
				ENABLE_TESTABILITY = YES;
				GCC_C_LANGUAGE_STANDARD = gnu11;
				GCC_DYNAMIC_NO_PIC = NO;
				GCC_NO_COMMON_BLOCKS = YES;
				GCC_OPTIMIZATION_LEVEL = 0;
				GCC_PREPROCESSOR_DEFINITIONS = (
					"DEBUG=1",
					"$(inherited)",
				);
				GCC_WARN_64_TO_32_BIT_CONVERSION = YES;
				GCC_WARN_ABOUT_RETURN_TYPE = YES_ERROR;
				GCC_WARN_UNDECLARED_SELECTOR = YES;
				GCC_WARN_UNINITIALIZED_AUTOS = YES_AGGRESSIVE;
				GCC_WARN_UNUSED_FUNCTION = YES;
				GCC_WARN_UNUSED_VARIABLE = YES;
				IPHONEOS_DEPLOYMENT_TARGET = 15.5;
				MTL_ENABLE_DEBUG_INFO = INCLUDE_SOURCE;
				MTL_FAST_MATH = YES;
				ONLY_ACTIVE_ARCH = YES;
				SDKROOT = iphoneos;
				SWIFT_ACTIVE_COMPILATION_CONDITIONS = DEBUG;
				SWIFT_OPTIMIZATION_LEVEL = "-Onone";
			};
			name = Debug;
		};
		4C74431E28AEAF9D00CBAD57 /* Release */ = {
			isa = XCBuildConfiguration;
			buildSettings = {
				ALWAYS_SEARCH_USER_PATHS = NO;
				CLANG_ANALYZER_NONNULL = YES;
				CLANG_ANALYZER_NUMBER_OBJECT_CONVERSION = YES_AGGRESSIVE;
				CLANG_CXX_LANGUAGE_STANDARD = "gnu++17";
				CLANG_ENABLE_MODULES = YES;
				CLANG_ENABLE_OBJC_ARC = YES;
				CLANG_ENABLE_OBJC_WEAK = YES;
				CLANG_WARN_BLOCK_CAPTURE_AUTORELEASING = YES;
				CLANG_WARN_BOOL_CONVERSION = YES;
				CLANG_WARN_COMMA = YES;
				CLANG_WARN_CONSTANT_CONVERSION = YES;
				CLANG_WARN_DEPRECATED_OBJC_IMPLEMENTATIONS = YES;
				CLANG_WARN_DIRECT_OBJC_ISA_USAGE = YES_ERROR;
				CLANG_WARN_DOCUMENTATION_COMMENTS = YES;
				CLANG_WARN_EMPTY_BODY = YES;
				CLANG_WARN_ENUM_CONVERSION = YES;
				CLANG_WARN_INFINITE_RECURSION = YES;
				CLANG_WARN_INT_CONVERSION = YES;
				CLANG_WARN_NON_LITERAL_NULL_CONVERSION = YES;
				CLANG_WARN_OBJC_IMPLICIT_RETAIN_SELF = YES;
				CLANG_WARN_OBJC_LITERAL_CONVERSION = YES;
				CLANG_WARN_OBJC_ROOT_CLASS = YES_ERROR;
				CLANG_WARN_QUOTED_INCLUDE_IN_FRAMEWORK_HEADER = YES;
				CLANG_WARN_RANGE_LOOP_ANALYSIS = YES;
				CLANG_WARN_STRICT_PROTOTYPES = YES;
				CLANG_WARN_SUSPICIOUS_MOVE = YES;
				CLANG_WARN_UNGUARDED_AVAILABILITY = YES_AGGRESSIVE;
				CLANG_WARN_UNREACHABLE_CODE = YES;
				CLANG_WARN__DUPLICATE_METHOD_MATCH = YES;
				COPY_PHASE_STRIP = NO;
				DEBUG_INFORMATION_FORMAT = "dwarf-with-dsym";
				ENABLE_NS_ASSERTIONS = NO;
				ENABLE_STRICT_OBJC_MSGSEND = YES;
				GCC_C_LANGUAGE_STANDARD = gnu11;
				GCC_NO_COMMON_BLOCKS = YES;
				GCC_WARN_64_TO_32_BIT_CONVERSION = YES;
				GCC_WARN_ABOUT_RETURN_TYPE = YES_ERROR;
				GCC_WARN_UNDECLARED_SELECTOR = YES;
				GCC_WARN_UNINITIALIZED_AUTOS = YES_AGGRESSIVE;
				GCC_WARN_UNUSED_FUNCTION = YES;
				GCC_WARN_UNUSED_VARIABLE = YES;
				IPHONEOS_DEPLOYMENT_TARGET = 15.5;
				MTL_ENABLE_DEBUG_INFO = NO;
				MTL_FAST_MATH = YES;
				SDKROOT = iphoneos;
				SWIFT_COMPILATION_MODE = wholemodule;
				SWIFT_OPTIMIZATION_LEVEL = "-O";
				VALIDATE_PRODUCT = YES;
			};
			name = Release;
		};
		4C74432028AEAF9D00CBAD57 /* Debug */ = {
			isa = XCBuildConfiguration;
			buildSettings = {
				ASSETCATALOG_COMPILER_APPICON_NAME = AppIcon;
				ASSETCATALOG_COMPILER_GLOBAL_ACCENT_COLOR_NAME = AccentColor;
				CODE_SIGN_STYLE = Automatic;
				CURRENT_PROJECT_VERSION = 1;
				DEVELOPMENT_TEAM = "";
				GENERATE_INFOPLIST_FILE = YES;
				INFOPLIST_FILE = "invoke-js-with-swift-demo/Info.plist";
				INFOPLIST_KEY_UIApplicationSupportsIndirectInputEvents = YES;
				INFOPLIST_KEY_UILaunchStoryboardName = LaunchScreen;
				INFOPLIST_KEY_UIMainStoryboardFile = Main;
				INFOPLIST_KEY_UISupportedInterfaceOrientations_iPad = "UIInterfaceOrientationPortrait UIInterfaceOrientationPortraitUpsideDown UIInterfaceOrientationLandscapeLeft UIInterfaceOrientationLandscapeRight";
				INFOPLIST_KEY_UISupportedInterfaceOrientations_iPhone = "UIInterfaceOrientationPortrait UIInterfaceOrientationLandscapeLeft UIInterfaceOrientationLandscapeRight";
				LD_RUNPATH_SEARCH_PATHS = (
					"$(inherited)",
					"@executable_path/Frameworks",
				);
				MARKETING_VERSION = 1.0;
				PRODUCT_BUNDLE_IDENTIFIER = "sanli.invoke-js-with-swift-demo";
				PRODUCT_NAME = "$(TARGET_NAME)";
				SWIFT_EMIT_LOC_STRINGS = YES;
				SWIFT_VERSION = 5.0;
				TARGETED_DEVICE_FAMILY = "1,2";
			};
			name = Debug;
		};
		4C74432128AEAF9D00CBAD57 /* Release */ = {
			isa = XCBuildConfiguration;
			buildSettings = {
				ASSETCATALOG_COMPILER_APPICON_NAME = AppIcon;
				ASSETCATALOG_COMPILER_GLOBAL_ACCENT_COLOR_NAME = AccentColor;
				CODE_SIGN_STYLE = Automatic;
				CURRENT_PROJECT_VERSION = 1;
				DEVELOPMENT_TEAM = "";
				GENERATE_INFOPLIST_FILE = YES;
				INFOPLIST_FILE = "invoke-js-with-swift-demo/Info.plist";
				INFOPLIST_KEY_UIApplicationSupportsIndirectInputEvents = YES;
				INFOPLIST_KEY_UILaunchStoryboardName = LaunchScreen;
				INFOPLIST_KEY_UIMainStoryboardFile = Main;
				INFOPLIST_KEY_UISupportedInterfaceOrientations_iPad = "UIInterfaceOrientationPortrait UIInterfaceOrientationPortraitUpsideDown UIInterfaceOrientationLandscapeLeft UIInterfaceOrientationLandscapeRight";
				INFOPLIST_KEY_UISupportedInterfaceOrientations_iPhone = "UIInterfaceOrientationPortrait UIInterfaceOrientationLandscapeLeft UIInterfaceOrientationLandscapeRight";
				LD_RUNPATH_SEARCH_PATHS = (
					"$(inherited)",
					"@executable_path/Frameworks",
				);
				MARKETING_VERSION = 1.0;
				PRODUCT_BUNDLE_IDENTIFIER = "sanli.invoke-js-with-swift-demo";
				PRODUCT_NAME = "$(TARGET_NAME)";
				SWIFT_EMIT_LOC_STRINGS = YES;
				SWIFT_VERSION = 5.0;
				TARGETED_DEVICE_FAMILY = "1,2";
			};
			name = Release;
		};
/* End XCBuildConfiguration section */

/* Begin XCConfigurationList section */
		4C74430628AEAF9B00CBAD57 /* Build configuration list for PBXProject "invoke-js-with-swift-demo" */ = {
			isa = XCConfigurationList;
			buildConfigurations = (
				4C74431D28AEAF9D00CBAD57 /* Debug */,
				4C74431E28AEAF9D00CBAD57 /* Release */,
			);
			defaultConfigurationIsVisible = 0;
			defaultConfigurationName = Release;
		};
		4C74431F28AEAF9D00CBAD57 /* Build configuration list for PBXNativeTarget "invoke-js-with-swift-demo" */ = {
			isa = XCConfigurationList;
			buildConfigurations = (
				4C74432028AEAF9D00CBAD57 /* Debug */,
				4C74432128AEAF9D00CBAD57 /* Release */,
			);
			defaultConfigurationIsVisible = 0;
			defaultConfigurationName = Release;
		};
/* End XCConfigurationList section */

/* Begin XCRemoteSwiftPackageReference section */
		4C527D5A28B284B500872ECF /* XCRemoteSwiftPackageReference "Kingfisher" */ = {
			isa = XCRemoteSwiftPackageReference;
			repositoryURL = "https://github.com/onevcat/Kingfisher.git";
			requirement = {
				kind = upToNextMajorVersion;
				minimumVersion = 7.0.0;
			};
		};
		4C74432228AEAFEB00CBAD57 /* XCRemoteSwiftPackageReference "SnapKit" */ = {
			isa = XCRemoteSwiftPackageReference;
			repositoryURL = "https://github.com/SnapKit/SnapKit.git";
			requirement = {
				branch = develop;
				kind = branch;
			};
		};
/* End XCRemoteSwiftPackageReference section */

/* Begin XCSwiftPackageProductDependency section */
		4C527D5B28B284B500872ECF /* Kingfisher */ = {
			isa = XCSwiftPackageProductDependency;
			package = 4C527D5A28B284B500872ECF /* XCRemoteSwiftPackageReference "Kingfisher" */;
			productName = Kingfisher;
		};
		4C74432328AEAFEB00CBAD57 /* SnapKit */ = {
			isa = XCSwiftPackageProductDependency;
			package = 4C74432228AEAFEB00CBAD57 /* XCRemoteSwiftPackageReference "SnapKit" */;
			productName = SnapKit;
		};
/* End XCSwiftPackageProductDependency section */
	};
	rootObject = 4C74430328AEAF9B00CBAD57 /* Project object */;
}
